// !$*UTF8*$!
{
	archiveVersion = 1;
	classes = {
	};
	objectVersion = 48;
	objects = {

/* Begin PBXBuildFile section */
		2F695F261FEF31C30084C6E2 /* Files.swift in Sources */ = {isa = PBXBuildFile; fileRef = 2F695F251FEF31C30084C6E2 /* Files.swift */; };
		2F695F281FEFC7770084C6E2 /* TableData.swift in Sources */ = {isa = PBXBuildFile; fileRef = 2F695F271FEFC7770084C6E2 /* TableData.swift */; };
		2FC4CFC01FEBFBD000494551 /* AppDelegate.swift in Sources */ = {isa = PBXBuildFile; fileRef = 2FC4CFBF1FEBFBD000494551 /* AppDelegate.swift */; };
		2FC4CFC21FEBFBD000494551 /* ViewController.swift in Sources */ = {isa = PBXBuildFile; fileRef = 2FC4CFC11FEBFBD000494551 /* ViewController.swift */; };
		2FC4CFC41FEBFBD000494551 /* Assets.xcassets in Resources */ = {isa = PBXBuildFile; fileRef = 2FC4CFC31FEBFBD000494551 /* Assets.xcassets */; };
		2FC4CFC71FEBFBD000494551 /* Main.storyboard in Resources */ = {isa = PBXBuildFile; fileRef = 2FC4CFC51FEBFBD000494551 /* Main.storyboard */; };
/* End PBXBuildFile section */

/* Begin PBXFileReference section */
		2F695F251FEF31C30084C6E2 /* Files.swift */ = {isa = PBXFileReference; lastKnownFileType = sourcecode.swift; path = Files.swift; sourceTree = "<group>"; };
		2F695F271FEFC7770084C6E2 /* TableData.swift */ = {isa = PBXFileReference; lastKnownFileType = sourcecode.swift; path = TableData.swift; sourceTree = "<group>"; };
		2FC4CFBC1FEBFBD000494551 /* MacPaw Test.app */ = {isa = PBXFileReference; explicitFileType = wrapper.application; includeInIndex = 0; path = "MacPaw Test.app"; sourceTree = BUILT_PRODUCTS_DIR; };
		2FC4CFBF1FEBFBD000494551 /* AppDelegate.swift */ = {isa = PBXFileReference; lastKnownFileType = sourcecode.swift; path = AppDelegate.swift; sourceTree = "<group>"; };
		2FC4CFC11FEBFBD000494551 /* ViewController.swift */ = {isa = PBXFileReference; lastKnownFileType = sourcecode.swift; path = ViewController.swift; sourceTree = "<group>"; };
		2FC4CFC31FEBFBD000494551 /* Assets.xcassets */ = {isa = PBXFileReference; lastKnownFileType = folder.assetcatalog; path = Assets.xcassets; sourceTree = "<group>"; };
		2FC4CFC61FEBFBD000494551 /* Base */ = {isa = PBXFileReference; lastKnownFileType = file.storyboard; name = Base; path = Base.lproj/Main.storyboard; sourceTree = "<group>"; };
		2FC4CFC81FEBFBD000494551 /* Info.plist */ = {isa = PBXFileReference; lastKnownFileType = text.plist.xml; path = Info.plist; sourceTree = "<group>"; };
		2FC4CFC91FEBFBD000494551 /* MacPaw_Test.entitlements */ = {isa = PBXFileReference; lastKnownFileType = text.plist.entitlements; path = MacPaw_Test.entitlements; sourceTree = "<group>"; };
/* End PBXFileReference section */

/* Begin PBXFrameworksBuildPhase section */
		2FC4CFB91FEBFBD000494551 /* Frameworks */ = {
			isa = PBXFrameworksBuildPhase;
			buildActionMask = 2147483647;
			files = (
			);
			runOnlyForDeploymentPostprocessing = 0;
		};
/* End PBXFrameworksBuildPhase section */

/* Begin PBXGroup section */
		2FC4CFB31FEBFBD000494551 = {
			isa = PBXGroup;
			children = (
				2FC4CFBE1FEBFBD000494551 /* MacPaw Test */,
				2FC4CFBD1FEBFBD000494551 /* Products */,
			);
			sourceTree = "<group>";
		};
		2FC4CFBD1FEBFBD000494551 /* Products */ = {
			isa = PBXGroup;
			children = (
				2FC4CFBC1FEBFBD000494551 /* MacPaw Test.app */,
			);
			name = Products;
			sourceTree = "<group>";
		};
		2FC4CFBE1FEBFBD000494551 /* MacPaw Test */ = {
			isa = PBXGroup;
			children = (
				2FC4CFBF1FEBFBD000494551 /* AppDelegate.swift */,
				2F695F251FEF31C30084C6E2 /* Files.swift */,
				2F695F271FEFC7770084C6E2 /* TableData.swift */,
				2FC4CFC11FEBFBD000494551 /* ViewController.swift */,
				2FC4CFC31FEBFBD000494551 /* Assets.xcassets */,
				2FC4CFC51FEBFBD000494551 /* Main.storyboard */,
				2FC4CFC81FEBFBD000494551 /* Info.plist */,
				2FC4CFC91FEBFBD000494551 /* MacPaw_Test.entitlements */,
			);
			path = "MacPaw Test";
			sourceTree = "<group>";
		};
/* End PBXGroup section */

/* Begin PBXNativeTarget section */
		2FC4CFBB1FEBFBD000494551 /* MacPaw Test */ = {
			isa = PBXNativeTarget;
			buildConfigurationList = 2FC4CFCC1FEBFBD000494551 /* Build configuration list for PBXNativeTarget "MacPaw Test" */;
			buildPhases = (
				2FC4CFB81FEBFBD000494551 /* Sources */,
				2FC4CFB91FEBFBD000494551 /* Frameworks */,
				2FC4CFBA1FEBFBD000494551 /* Resources */,
			);
			buildRules = (
			);
			dependencies = (
			);
			name = "MacPaw Test";
			productName = "MacPaw Test";
			productReference = 2FC4CFBC1FEBFBD000494551 /* MacPaw Test.app */;
			productType = "com.apple.product-type.application";
		};
/* End PBXNativeTarget section */

/* Begin PBXProject section */
		2FC4CFB41FEBFBD000494551 /* Project object */ = {
			isa = PBXProject;
			attributes = {
				LastSwiftUpdateCheck = 0920;
				LastUpgradeCheck = 0920;
				ORGANIZATIONNAME = "Anton Barkov";
				TargetAttributes = {
					2FC4CFBB1FEBFBD000494551 = {
						CreatedOnToolsVersion = 9.2;
						ProvisioningStyle = Automatic;
					};
				};
			};
			buildConfigurationList = 2FC4CFB71FEBFBD000494551 /* Build configuration list for PBXProject "MacPaw Test" */;
			compatibilityVersion = "Xcode 8.0";
			developmentRegion = en;
			hasScannedForEncodings = 0;
			knownRegions = (
				en,
				Base,
			);
			mainGroup = 2FC4CFB31FEBFBD000494551;
			productRefGroup = 2FC4CFBD1FEBFBD000494551 /* Products */;
			projectDirPath = "";
			projectRoot = "";
			targets = (
				2FC4CFBB1FEBFBD000494551 /* MacPaw Test */,
			);
		};
/* End PBXProject section */

/* Begin PBXResourcesBuildPhase section */
		2FC4CFBA1FEBFBD000494551 /* Resources */ = {
			isa = PBXResourcesBuildPhase;
			buildActionMask = 2147483647;
			files = (
				2FC4CFC41FEBFBD000494551 /* Assets.xcassets in Resources */,
				2FC4CFC71FEBFBD000494551 /* Main.storyboard in Resources */,
			);
			runOnlyForDeploymentPostprocessing = 0;
		};
/* End PBXResourcesBuildPhase section */

/* Begin PBXSourcesBuildPhase section */
		2FC4CFB81FEBFBD000494551 /* Sources */ = {
			isa = PBXSourcesBuildPhase;
			buildActionMask = 2147483647;
			files = (
				2F695F281FEFC7770084C6E2 /* TableData.swift in Sources */,
				2FC4CFC21FEBFBD000494551 /* ViewController.swift in Sources */,
				2F695F261FEF31C30084C6E2 /* Files.swift in Sources */,
				2FC4CFC01FEBFBD000494551 /* AppDelegate.swift in Sources */,
			);
			runOnlyForDeploymentPostprocessing = 0;
		};
/* End PBXSourcesBuildPhase section */

/* Begin PBXVariantGroup section */
		2FC4CFC51FEBFBD000494551 /* Main.storyboard */ = {
			isa = PBXVariantGroup;
			children = (
				2FC4CFC61FEBFBD000494551 /* Base */,
			);
			name = Main.storyboard;
			sourceTree = "<group>";
		};
/* End PBXVariantGroup section */

/* Begin XCBuildConfiguration section */
		2FC4CFCA1FEBFBD000494551 /* Debug */ = {
			isa = XCBuildConfiguration;
			buildSettings = {
				ALWAYS_SEARCH_USER_PATHS = NO;
				CLANG_ANALYZER_NONNULL = YES;
				CLANG_ANALYZER_NUMBER_OBJECT_CONVERSION = YES_AGGRESSIVE;
				CLANG_CXX_LANGUAGE_STANDARD = "gnu++14";
				CLANG_CXX_LIBRARY = "libc++";
				CLANG_ENABLE_MODULES = YES;
				CLANG_ENABLE_OBJC_ARC = YES;
				CLANG_WARN_BLOCK_CAPTURE_AUTORELEASING = YES;
				CLANG_WARN_BOOL_CONVERSION = YES;
				CLANG_WARN_COMMA = YES;
				CLANG_WARN_CONSTANT_CONVERSION = YES;
				CLANG_WARN_DIRECT_OBJC_ISA_USAGE = YES_ERROR;
				CLANG_WARN_DOCUMENTATION_COMMENTS = YES;
				CLANG_WARN_EMPTY_BODY = YES;
				CLANG_WARN_ENUM_CONVERSION = YES;
				CLANG_WARN_INFINITE_RECURSION = YES;
				CLANG_WARN_INT_CONVERSION = YES;
				CLANG_WARN_NON_LITERAL_NULL_CONVERSION = YES;
				CLANG_WARN_OBJC_LITERAL_CONVERSION = YES;
				CLANG_WARN_OBJC_ROOT_CLASS = YES_ERROR;
				CLANG_WARN_RANGE_LOOP_ANALYSIS = YES;
				CLANG_WARN_STRICT_PROTOTYPES = YES;
				CLANG_WARN_SUSPICIOUS_MOVE = YES;
				CLANG_WARN_UNGUARDED_AVAILABILITY = YES_AGGRESSIVE;
				CLANG_WARN_UNREACHABLE_CODE = YES;
				CLANG_WARN__DUPLICATE_METHOD_MATCH = YES;
				CODE_SIGN_IDENTITY = "-";
				COPY_PHASE_STRIP = NO;
				DEBUG_INFORMATION_FORMAT = dwarf;
				ENABLE_STRICT_OBJC_MSGSEND = YES;
				ENABLE_TESTABILITY = YES;
				GCC_C_LANGUAGE_STANDARD = gnu11;
				GCC_DYNAMIC_NO_PIC = NO;
				GCC_NO_COMMON_BLOCKS = YES;
				GCC_OPTIMIZATION_LEVEL = 0;
				GCC_PREPROCESSOR_DEFINITIONS = (
					"DEBUG=1",
					"$(inherited)",
				);
				GCC_WARN_64_TO_32_BIT_CONVERSION = YES;
				GCC_WARN_ABOUT_RETURN_TYPE = YES_ERROR;
				GCC_WARN_UNDECLARED_SELECTOR = YES;
				GCC_WARN_UNINITIALIZED_AUTOS = YES_AGGRESSIVE;
				GCC_WARN_UNUSED_FUNCTION = YES;
				GCC_WARN_UNUSED_VARIABLE = YES;
				MACOSX_DEPLOYMENT_TARGET = 10.13;
				MTL_ENABLE_DEBUG_INFO = YES;
				ONLY_ACTIVE_ARCH = YES;
				SDKROOT = macosx;
				SWIFT_ACTIVE_COMPILATION_CONDITIONS = DEBUG;
				SWIFT_OPTIMIZATION_LEVEL = "-Onone";
			};
			name = Debug;
		};
		2FC4CFCB1FEBFBD000494551 /* Release */ = {
			isa = XCBuildConfiguration;
			buildSettings = {
				ALWAYS_SEARCH_USER_PATHS = NO;
				CLANG_ANALYZER_NONNULL = YES;
				CLANG_ANALYZER_NUMBER_OBJECT_CONVERSION = YES_AGGRESSIVE;
				CLANG_CXX_LANGUAGE_STANDARD = "gnu++14";
				CLANG_CXX_LIBRARY = "libc++";
				CLANG_ENABLE_MODULES = YES;
				CLANG_ENABLE_OBJC_ARC = YES;
				CLANG_WARN_BLOCK_CAPTURE_AUTORELEASING = YES;
				CLANG_WARN_BOOL_CONVERSION = YES;
				CLANG_WARN_COMMA = YES;
				CLANG_WARN_CONSTANT_CONVERSION = YES;
				CLANG_WARN_DIRECT_OBJC_ISA_USAGE = YES_ERROR;
				CLANG_WARN_DOCUMENTATION_COMMENTS = YES;
				CLANG_WARN_EMPTY_BODY = YES;
				CLANG_WARN_ENUM_CONVERSION = YES;
				CLANG_WARN_INFINITE_RECURSION = YES;
				CLANG_WARN_INT_CONVERSION = YES;
				CLANG_WARN_NON_LITERAL_NULL_CONVERSION = YES;
				CLANG_WARN_OBJC_LITERAL_CONVERSION = YES;
				CLANG_WARN_OBJC_ROOT_CLASS = YES_ERROR;
				CLANG_WARN_RANGE_LOOP_ANALYSIS = YES;
				CLANG_WARN_STRICT_PROTOTYPES = YES;
				CLANG_WARN_SUSPICIOUS_MOVE = YES;
				CLANG_WARN_UNGUARDED_AVAILABILITY = YES_AGGRESSIVE;
				CLANG_WARN_UNREACHABLE_CODE = YES;
				CLANG_WARN__DUPLICATE_METHOD_MATCH = YES;
				CODE_SIGN_IDENTITY = "-";
				COPY_PHASE_STRIP = NO;
				DEBUG_INFORMATION_FORMAT = "dwarf-with-dsym";
				ENABLE_NS_ASSERTIONS = NO;
				ENABLE_STRICT_OBJC_MSGSEND = YES;
				GCC_C_LANGUAGE_STANDARD = gnu11;
				GCC_NO_COMMON_BLOCKS = YES;
				GCC_WARN_64_TO_32_BIT_CONVERSION = YES;
				GCC_WARN_ABOUT_RETURN_TYPE = YES_ERROR;
				GCC_WARN_UNDECLARED_SELECTOR = YES;
				GCC_WARN_UNINITIALIZED_AUTOS = YES_AGGRESSIVE;
				GCC_WARN_UNUSED_FUNCTION = YES;
				GCC_WARN_UNUSED_VARIABLE = YES;
				MACOSX_DEPLOYMENT_TARGET = 10.13;
				MTL_ENABLE_DEBUG_INFO = NO;
				SDKROOT = macosx;
				SWIFT_OPTIMIZATION_LEVEL = "-Owholemodule";
			};
			name = Release;
		};
		2FC4CFCD1FEBFBD000494551 /* Debug */ = {
			isa = XCBuildConfiguration;
			buildSettings = {
				ASSETCATALOG_COMPILER_APPICON_NAME = AppIcon;
				CODE_SIGN_STYLE = Automatic;
				COMBINE_HIDPI_IMAGES = YES;
				INFOPLIST_FILE = "MacPaw Test/Info.plist";
				LD_RUNPATH_SEARCH_PATHS = "$(inherited) @executable_path/../Frameworks";
				PRODUCT_BUNDLE_IDENTIFIER = "com.barkov.MacPaw-Test";
				PRODUCT_NAME = "$(TARGET_NAME)";
				SWIFT_VERSION = 4.0;
			};
			name = Debug;
		};
		2FC4CFCE1FEBFBD000494551 /* Release */ = {
			isa = XCBuildConfiguration;
			buildSettings = {
				ASSETCATALOG_COMPILER_APPICON_NAME = AppIcon;
				CODE_SIGN_STYLE = Automatic;
				COMBINE_HIDPI_IMAGES = YES;
				INFOPLIST_FILE = "MacPaw Test/Info.plist";
				LD_RUNPATH_SEARCH_PATHS = "$(inherited) @executable_path/../Frameworks";
				PRODUCT_BUNDLE_IDENTIFIER = "com.barkov.MacPaw-Test";
				PRODUCT_NAME = "$(TARGET_NAME)";
				SWIFT_VERSION = 4.0;
			};
			name = Release;
		};
/* End XCBuildConfiguration section */

/* Begin XCConfigurationList section */
		2FC4CFB71FEBFBD000494551 /* Build configuration list for PBXProject "MacPaw Test" */ = {
			isa = XCConfigurationList;
			buildConfigurations = (
				2FC4CFCA1FEBFBD000494551 /* Debug */,
				2FC4CFCB1FEBFBD000494551 /* Release */,
			);
			defaultConfigurationIsVisible = 0;
			defaultConfigurationName = Release;
		};
		2FC4CFCC1FEBFBD000494551 /* Build configuration list for PBXNativeTarget "MacPaw Test" */ = {
			isa = XCConfigurationList;
			buildConfigurations = (
				2FC4CFCD1FEBFBD000494551 /* Debug */,
				2FC4CFCE1FEBFBD000494551 /* Release */,
			);
			defaultConfigurationIsVisible = 0;
			defaultConfigurationName = Release;
		};
/* End XCConfigurationList section */
	};
	rootObject = 2FC4CFB41FEBFBD000494551 /* Project object */;
}
